
Microsoft Visual Studio Solution File, Format Version 12.00
# Visual Studio Version 17
VisualStudioVersion = 17.9.34622.214
MinimumVisualStudioVersion = 10.0.40219.1
Project("{9A19103F-16F7-4668-BE54-9A1E7A4F7556}") = "CurrencyApiDomain", "CurrencyApiDomain.csproj", "{3CA13DA6-4BBD-49B0-9E5A-C23A44F6A08D}"
EndProject
Global
	GlobalSection(SolutionConfigurationPlatforms) = preSolution
		Debug|Any CPU = Debug|Any CPU
		Release|Any CPU = Release|Any CPU
	EndGlobalSection
	GlobalSection(ProjectConfigurationPlatforms) = postSolution
		{3CA13DA6-4BBD-49B0-9E5A-C23A44F6A08D}.Debug|Any CPU.ActiveCfg = Debug|Any CPU
		{3CA13DA6-4BBD-49B0-9E5A-C23A44F6A08D}.Debug|Any CPU.Build.0 = Debug|Any CPU
		{3CA13DA6-4BBD-49B0-9E5A-C23A44F6A08D}.Release|Any CPU.ActiveCfg = Release|Any CPU
		{3CA13DA6-4BBD-49B0-9E5A-C23A44F6A08D}.Release|Any CPU.Build.0 = Release|Any CPU
	EndGlobalSection
	GlobalSection(SolutionProperties) = preSolution
		HideSolutionNode = FALSE
	EndGlobalSection
	GlobalSection(ExtensibilityGlobals) = postSolution
		SolutionGuid = {285914E0-4E22-472A-84AD-E1BD8E3B6ABD}
	EndGlobalSection
EndGlobal
